// !$*UTF8*$!
{
	archiveVersion = 1;
	classes = {
	};
	objectVersion = 56;
	objects = {

/* Begin PBXBuildFile section */
		4B4E053B2AAC87F500C33A1F /* AppDelegate.swift in Sources */ = {isa = PBXBuildFile; fileRef = 4B4E053A2AAC87F500C33A1F /* AppDelegate.swift */; };
		4B4E053D2AAC87F500C33A1F /* SceneDelegate.swift in Sources */ = {isa = PBXBuildFile; fileRef = 4B4E053C2AAC87F500C33A1F /* SceneDelegate.swift */; };
		4B4E053F2AAC87F500C33A1F /* ViewController.swift in Sources */ = {isa = PBXBuildFile; fileRef = 4B4E053E2AAC87F500C33A1F /* ViewController.swift */; };
		4B4E05422AAC87F500C33A1F /* Main.storyboard in Resources */ = {isa = PBXBuildFile; fileRef = 4B4E05402AAC87F500C33A1F /* Main.storyboard */; };
		4B4E05452AAC87F500C33A1F /* ArtBookProject.xcdatamodeld in Sources */ = {isa = PBXBuildFile; fileRef = 4B4E05432AAC87F500C33A1F /* ArtBookProject.xcdatamodeld */; };
		4B4E05472AAC87F600C33A1F /* Assets.xcassets in Resources */ = {isa = PBXBuildFile; fileRef = 4B4E05462AAC87F600C33A1F /* Assets.xcassets */; };
		4B4E054A2AAC87F600C33A1F /* LaunchScreen.storyboard in Resources */ = {isa = PBXBuildFile; fileRef = 4B4E05482AAC87F600C33A1F /* LaunchScreen.storyboard */; };
		4B4E05522AAC8B3B00C33A1F /* DetailsVC.swift in Sources */ = {isa = PBXBuildFile; fileRef = 4B4E05512AAC8B3B00C33A1F /* DetailsVC.swift */; };
		4B4E05542AAC92B500C33A1F /* select.png in Resources */ = {isa = PBXBuildFile; fileRef = 4B4E05532AAC92B500C33A1F /* select.png */; };
/* End PBXBuildFile section */

/* Begin PBXFileReference section */
		4B4E05372AAC87F500C33A1F /* ArtBookProject.app */ = {isa = PBXFileReference; explicitFileType = wrapper.application; includeInIndex = 0; path = ArtBookProject.app; sourceTree = BUILT_PRODUCTS_DIR; };
		4B4E053A2AAC87F500C33A1F /* AppDelegate.swift */ = {isa = PBXFileReference; lastKnownFileType = sourcecode.swift; path = AppDelegate.swift; sourceTree = "<group>"; };
		4B4E053C2AAC87F500C33A1F /* SceneDelegate.swift */ = {isa = PBXFileReference; lastKnownFileType = sourcecode.swift; path = SceneDelegate.swift; sourceTree = "<group>"; };
		4B4E053E2AAC87F500C33A1F /* ViewController.swift */ = {isa = PBXFileReference; lastKnownFileType = sourcecode.swift; path = ViewController.swift; sourceTree = "<group>"; };
		4B4E05412AAC87F500C33A1F /* Base */ = {isa = PBXFileReference; lastKnownFileType = file.storyboard; name = Base; path = Base.lproj/Main.storyboard; sourceTree = "<group>"; };
		4B4E05442AAC87F500C33A1F /* ArtBookProject.xcdatamodel */ = {isa = PBXFileReference; lastKnownFileType = wrapper.xcdatamodel; path = ArtBookProject.xcdatamodel; sourceTree = "<group>"; };
		4B4E05462AAC87F600C33A1F /* Assets.xcassets */ = {isa = PBXFileReference; lastKnownFileType = folder.assetcatalog; path = Assets.xcassets; sourceTree = "<group>"; };
		4B4E05492AAC87F600C33A1F /* Base */ = {isa = PBXFileReference; lastKnownFileType = file.storyboard; name = Base; path = Base.lproj/LaunchScreen.storyboard; sourceTree = "<group>"; };
		4B4E054B2AAC87F600C33A1F /* Info.plist */ = {isa = PBXFileReference; lastKnownFileType = text.plist.xml; path = Info.plist; sourceTree = "<group>"; };
		4B4E05512AAC8B3B00C33A1F /* DetailsVC.swift */ = {isa = PBXFileReference; lastKnownFileType = sourcecode.swift; path = DetailsVC.swift; sourceTree = "<group>"; };
		4B4E05532AAC92B500C33A1F /* select.png */ = {isa = PBXFileReference; lastKnownFileType = image.png; name = select.png; path = ../../../../Downloads/select.png; sourceTree = "<group>"; };
/* End PBXFileReference section */

/* Begin PBXFrameworksBuildPhase section */
		4B4E05342AAC87F500C33A1F /* Frameworks */ = {
			isa = PBXFrameworksBuildPhase;
			buildActionMask = 2147483647;
			files = (
			);
			runOnlyForDeploymentPostprocessing = 0;
		};
/* End PBXFrameworksBuildPhase section */

/* Begin PBXGroup section */
		4B4E052E2AAC87F500C33A1F = {
			isa = PBXGroup;
			children = (
				4B4E05392AAC87F500C33A1F /* ArtBookProject */,
				4B4E05382AAC87F500C33A1F /* Products */,
			);
			sourceTree = "<group>";
		};
		4B4E05382AAC87F500C33A1F /* Products */ = {
			isa = PBXGroup;
			children = (
				4B4E05372AAC87F500C33A1F /* ArtBookProject.app */,
			);
			name = Products;
			sourceTree = "<group>";
		};
		4B4E05392AAC87F500C33A1F /* ArtBookProject */ = {
			isa = PBXGroup;
			children = (
				4B4E05532AAC92B500C33A1F /* select.png */,
				4B4E053A2AAC87F500C33A1F /* AppDelegate.swift */,
				4B4E053C2AAC87F500C33A1F /* SceneDelegate.swift */,
				4B4E053E2AAC87F500C33A1F /* ViewController.swift */,
				4B4E05512AAC8B3B00C33A1F /* DetailsVC.swift */,
				4B4E05402AAC87F500C33A1F /* Main.storyboard */,
				4B4E05462AAC87F600C33A1F /* Assets.xcassets */,
				4B4E05482AAC87F600C33A1F /* LaunchScreen.storyboard */,
				4B4E054B2AAC87F600C33A1F /* Info.plist */,
				4B4E05432AAC87F500C33A1F /* ArtBookProject.xcdatamodeld */,
			);
			path = ArtBookProject;
			sourceTree = "<group>";
		};
/* End PBXGroup section */

/* Begin PBXNativeTarget section */
		4B4E05362AAC87F500C33A1F /* ArtBookProject */ = {
			isa = PBXNativeTarget;
			buildConfigurationList = 4B4E054E2AAC87F600C33A1F /* Build configuration list for PBXNativeTarget "ArtBookProject" */;
			buildPhases = (
				4B4E05332AAC87F500C33A1F /* Sources */,
				4B4E05342AAC87F500C33A1F /* Frameworks */,
				4B4E05352AAC87F500C33A1F /* Resources */,
			);
			buildRules = (
			);
			dependencies = (
			);
			name = ArtBookProject;
			productName = ArtBookProject;
			productReference = 4B4E05372AAC87F500C33A1F /* ArtBookProject.app */;
			productType = "com.apple.product-type.application";
		};
/* End PBXNativeTarget section */

/* Begin PBXProject section */
		4B4E052F2AAC87F500C33A1F /* Project object */ = {
			isa = PBXProject;
			attributes = {
				BuildIndependentTargetsInParallel = 1;
				LastSwiftUpdateCheck = 1430;
				LastUpgradeCheck = 1430;
				TargetAttributes = {
					4B4E05362AAC87F500C33A1F = {
						CreatedOnToolsVersion = 14.3.1;
					};
				};
			};
			buildConfigurationList = 4B4E05322AAC87F500C33A1F /* Build configuration list for PBXProject "ArtBookProject" */;
			compatibilityVersion = "Xcode 14.0";
			developmentRegion = en;
			hasScannedForEncodings = 0;
			knownRegions = (
				en,
				Base,
			);
			mainGroup = 4B4E052E2AAC87F500C33A1F;
			productRefGroup = 4B4E05382AAC87F500C33A1F /* Products */;
			projectDirPath = "";
			projectRoot = "";
			targets = (
				4B4E05362AAC87F500C33A1F /* ArtBookProject */,
			);
		};
/* End PBXProject section */

/* Begin PBXResourcesBuildPhase section */
		4B4E05352AAC87F500C33A1F /* Resources */ = {
			isa = PBXResourcesBuildPhase;
			buildActionMask = 2147483647;
			files = (
				4B4E054A2AAC87F600C33A1F /* LaunchScreen.storyboard in Resources */,
				4B4E05542AAC92B500C33A1F /* select.png in Resources */,
				4B4E05472AAC87F600C33A1F /* Assets.xcassets in Resources */,
				4B4E05422AAC87F500C33A1F /* Main.storyboard in Resources */,
			);
			runOnlyForDeploymentPostprocessing = 0;
		};
/* End PBXResourcesBuildPhase section */

/* Begin PBXSourcesBuildPhase section */
		4B4E05332AAC87F500C33A1F /* Sources */ = {
			isa = PBXSourcesBuildPhase;
			buildActionMask = 2147483647;
			files = (
				4B4E05452AAC87F500C33A1F /* ArtBookProject.xcdatamodeld in Sources */,
				4B4E053F2AAC87F500C33A1F /* ViewController.swift in Sources */,
				4B4E053B2AAC87F500C33A1F /* AppDelegate.swift in Sources */,
				4B4E053D2AAC87F500C33A1F /* SceneDelegate.swift in Sources */,
				4B4E05522AAC8B3B00C33A1F /* DetailsVC.swift in Sources */,
			);
			runOnlyForDeploymentPostprocessing = 0;
		};
/* End PBXSourcesBuildPhase section */

/* Begin PBXVariantGroup section */
		4B4E05402AAC87F500C33A1F /* Main.storyboard */ = {
			isa = PBXVariantGroup;
			children = (
				4B4E05412AAC87F500C33A1F /* Base */,
			);
			name = Main.storyboard;
			sourceTree = "<group>";
		};
		4B4E05482AAC87F600C33A1F /* LaunchScreen.storyboard */ = {
			isa = PBXVariantGroup;
			children = (
				4B4E05492AAC87F600C33A1F /* Base */,
			);
			name = LaunchScreen.storyboard;
			sourceTree = "<group>";
		};
/* End PBXVariantGroup section */

/* Begin XCBuildConfiguration section */
		4B4E054C2AAC87F600C33A1F /* Debug */ = {
			isa = XCBuildConfiguration;
			buildSettings = {
				ALWAYS_SEARCH_USER_PATHS = NO;
				CLANG_ANALYZER_NONNULL = YES;
				CLANG_ANALYZER_NUMBER_OBJECT_CONVERSION = YES_AGGRESSIVE;
				CLANG_CXX_LANGUAGE_STANDARD = "gnu++20";
				CLANG_ENABLE_MODULES = YES;
				CLANG_ENABLE_OBJC_ARC = YES;
				CLANG_ENABLE_OBJC_WEAK = YES;
				CLANG_WARN_BLOCK_CAPTURE_AUTORELEASING = YES;
				CLANG_WARN_BOOL_CONVERSION = YES;
				CLANG_WARN_COMMA = YES;
				CLANG_WARN_CONSTANT_CONVERSION = YES;
				CLANG_WARN_DEPRECATED_OBJC_IMPLEMENTATIONS = YES;
				CLANG_WARN_DIRECT_OBJC_ISA_USAGE = YES_ERROR;
				CLANG_WARN_DOCUMENTATION_COMMENTS = YES;
				CLANG_WARN_EMPTY_BODY = YES;
				CLANG_WARN_ENUM_CONVERSION = YES;
				CLANG_WARN_INFINITE_RECURSION = YES;
				CLANG_WARN_INT_CONVERSION = YES;
				CLANG_WARN_NON_LITERAL_NULL_CONVERSION = YES;
				CLANG_WARN_OBJC_IMPLICIT_RETAIN_SELF = YES;
				CLANG_WARN_OBJC_LITERAL_CONVERSION = YES;
				CLANG_WARN_OBJC_ROOT_CLASS = YES_ERROR;
				CLANG_WARN_QUOTED_INCLUDE_IN_FRAMEWORK_HEADER = YES;
				CLANG_WARN_RANGE_LOOP_ANALYSIS = YES;
				CLANG_WARN_STRICT_PROTOTYPES = YES;
				CLANG_WARN_SUSPICIOUS_MOVE = YES;
				CLANG_WARN_UNGUARDED_AVAILABILITY = YES_AGGRESSIVE;
				CLANG_WARN_UNREACHABLE_CODE = YES;
				CLANG_WARN__DUPLICATE_METHOD_MATCH = YES;
				COPY_PHASE_STRIP = NO;
				DEBUG_INFORMATION_FORMAT = dwarf;
				ENABLE_STRICT_OBJC_MSGSEND = YES;
				ENABLE_TESTABILITY = YES;
				GCC_C_LANGUAGE_STANDARD = gnu11;
				GCC_DYNAMIC_NO_PIC = NO;
				GCC_NO_COMMON_BLOCKS = YES;
				GCC_OPTIMIZATION_LEVEL = 0;
				GCC_PREPROCESSOR_DEFINITIONS = (
					"DEBUG=1",
					"$(inherited)",
				);
				GCC_WARN_64_TO_32_BIT_CONVERSION = YES;
				GCC_WARN_ABOUT_RETURN_TYPE = YES_ERROR;
				GCC_WARN_UNDECLARED_SELECTOR = YES;
				GCC_WARN_UNINITIALIZED_AUTOS = YES_AGGRESSIVE;
				GCC_WARN_UNUSED_FUNCTION = YES;
				GCC_WARN_UNUSED_VARIABLE = YES;
				IPHONEOS_DEPLOYMENT_TARGET = 16.4;
				MTL_ENABLE_DEBUG_INFO = INCLUDE_SOURCE;
				MTL_FAST_MATH = YES;
				ONLY_ACTIVE_ARCH = YES;
				SDKROOT = iphoneos;
				SWIFT_ACTIVE_COMPILATION_CONDITIONS = DEBUG;
				SWIFT_OPTIMIZATION_LEVEL = "-Onone";
			};
			name = Debug;
		};
		4B4E054D2AAC87F600C33A1F /* Release */ = {
			isa = XCBuildConfiguration;
			buildSettings = {
				ALWAYS_SEARCH_USER_PATHS = NO;
				CLANG_ANALYZER_NONNULL = YES;
				CLANG_ANALYZER_NUMBER_OBJECT_CONVERSION = YES_AGGRESSIVE;
				CLANG_CXX_LANGUAGE_STANDARD = "gnu++20";
				CLANG_ENABLE_MODULES = YES;
				CLANG_ENABLE_OBJC_ARC = YES;
				CLANG_ENABLE_OBJC_WEAK = YES;
				CLANG_WARN_BLOCK_CAPTURE_AUTORELEASING = YES;
				CLANG_WARN_BOOL_CONVERSION = YES;
				CLANG_WARN_COMMA = YES;
				CLANG_WARN_CONSTANT_CONVERSION = YES;
				CLANG_WARN_DEPRECATED_OBJC_IMPLEMENTATIONS = YES;
				CLANG_WARN_DIRECT_OBJC_ISA_USAGE = YES_ERROR;
				CLANG_WARN_DOCUMENTATION_COMMENTS = YES;
				CLANG_WARN_EMPTY_BODY = YES;
				CLANG_WARN_ENUM_CONVERSION = YES;
				CLANG_WARN_INFINITE_RECURSION = YES;
				CLANG_WARN_INT_CONVERSION = YES;
				CLANG_WARN_NON_LITERAL_NULL_CONVERSION = YES;
				CLANG_WARN_OBJC_IMPLICIT_RETAIN_SELF = YES;
				CLANG_WARN_OBJC_LITERAL_CONVERSION = YES;
				CLANG_WARN_OBJC_ROOT_CLASS = YES_ERROR;
				CLANG_WARN_QUOTED_INCLUDE_IN_FRAMEWORK_HEADER = YES;
				CLANG_WARN_RANGE_LOOP_ANALYSIS = YES;
				CLANG_WARN_STRICT_PROTOTYPES = YES;
				CLANG_WARN_SUSPICIOUS_MOVE = YES;
				CLANG_WARN_UNGUARDED_AVAILABILITY = YES_AGGRESSIVE;
				CLANG_WARN_UNREACHABLE_CODE = YES;
				CLANG_WARN__DUPLICATE_METHOD_MATCH = YES;
				COPY_PHASE_STRIP = NO;
				DEBUG_INFORMATION_FORMAT = "dwarf-with-dsym";
				ENABLE_NS_ASSERTIONS = NO;
				ENABLE_STRICT_OBJC_MSGSEND = YES;
				GCC_C_LANGUAGE_STANDARD = gnu11;
				GCC_NO_COMMON_BLOCKS = YES;
				GCC_WARN_64_TO_32_BIT_CONVERSION = YES;
				GCC_WARN_ABOUT_RETURN_TYPE = YES_ERROR;
				GCC_WARN_UNDECLARED_SELECTOR = YES;
				GCC_WARN_UNINITIALIZED_AUTOS = YES_AGGRESSIVE;
				GCC_WARN_UNUSED_FUNCTION = YES;
				GCC_WARN_UNUSED_VARIABLE = YES;
				IPHONEOS_DEPLOYMENT_TARGET = 16.4;
				MTL_ENABLE_DEBUG_INFO = NO;
				MTL_FAST_MATH = YES;
				SDKROOT = iphoneos;
				SWIFT_COMPILATION_MODE = wholemodule;
				SWIFT_OPTIMIZATION_LEVEL = "-O";
				VALIDATE_PRODUCT = YES;
			};
			name = Release;
		};
		4B4E054F2AAC87F600C33A1F /* Debug */ = {
			isa = XCBuildConfiguration;
			buildSettings = {
				ASSETCATALOG_COMPILER_APPICON_NAME = AppIcon;
				ASSETCATALOG_COMPILER_GLOBAL_ACCENT_COLOR_NAME = AccentColor;
				CODE_SIGN_STYLE = Automatic;
				CURRENT_PROJECT_VERSION = 1;
				DEVELOPMENT_TEAM = TG5K2T939L;
				GENERATE_INFOPLIST_FILE = YES;
				INFOPLIST_FILE = ArtBookProject/Info.plist;
				INFOPLIST_KEY_UIApplicationSupportsIndirectInputEvents = YES;
				INFOPLIST_KEY_UILaunchStoryboardName = LaunchScreen;
				INFOPLIST_KEY_UIMainStoryboardFile = Main;
				INFOPLIST_KEY_UISupportedInterfaceOrientations_iPad = "UIInterfaceOrientationPortrait UIInterfaceOrientationPortraitUpsideDown UIInterfaceOrientationLandscapeLeft UIInterfaceOrientationLandscapeRight";
				INFOPLIST_KEY_UISupportedInterfaceOrientations_iPhone = "UIInterfaceOrientationPortrait UIInterfaceOrientationLandscapeLeft UIInterfaceOrientationLandscapeRight";
				LD_RUNPATH_SEARCH_PATHS = (
					"$(inherited)",
					"@executable_path/Frameworks",
				);
				MARKETING_VERSION = 1.0;
				PRODUCT_BUNDLE_IDENTIFIER = com.mahmutersoy.ArtBookProject;
				PRODUCT_NAME = "$(TARGET_NAME)";
				SWIFT_EMIT_LOC_STRINGS = YES;
				SWIFT_VERSION = 5.0;
				TARGETED_DEVICE_FAMILY = "1,2";
			};
			name = Debug;
		};
		4B4E05502AAC87F600C33A1F /* Release */ = {
			isa = XCBuildConfiguration;
			buildSettings = {
				ASSETCATALOG_COMPILER_APPICON_NAME = AppIcon;
				ASSETCATALOG_COMPILER_GLOBAL_ACCENT_COLOR_NAME = AccentColor;
				CODE_SIGN_STYLE = Automatic;
				CURRENT_PROJECT_VERSION = 1;
				DEVELOPMENT_TEAM = TG5K2T939L;
				GENERATE_INFOPLIST_FILE = YES;
				INFOPLIST_FILE = ArtBookProject/Info.plist;
				INFOPLIST_KEY_UIApplicationSupportsIndirectInputEvents = YES;
				INFOPLIST_KEY_UILaunchStoryboardName = LaunchScreen;
				INFOPLIST_KEY_UIMainStoryboardFile = Main;
				INFOPLIST_KEY_UISupportedInterfaceOrientations_iPad = "UIInterfaceOrientationPortrait UIInterfaceOrientationPortraitUpsideDown UIInterfaceOrientationLandscapeLeft UIInterfaceOrientationLandscapeRight";
				INFOPLIST_KEY_UISupportedInterfaceOrientations_iPhone = "UIInterfaceOrientationPortrait UIInterfaceOrientationLandscapeLeft UIInterfaceOrientationLandscapeRight";
				LD_RUNPATH_SEARCH_PATHS = (
					"$(inherited)",
					"@executable_path/Frameworks",
				);
				MARKETING_VERSION = 1.0;
				PRODUCT_BUNDLE_IDENTIFIER = com.mahmutersoy.ArtBookProject;
				PRODUCT_NAME = "$(TARGET_NAME)";
				SWIFT_EMIT_LOC_STRINGS = YES;
				SWIFT_VERSION = 5.0;
				TARGETED_DEVICE_FAMILY = "1,2";
			};
			name = Release;
		};
/* End XCBuildConfiguration section */

/* Begin XCConfigurationList section */
		4B4E05322AAC87F500C33A1F /* Build configuration list for PBXProject "ArtBookProject" */ = {
			isa = XCConfigurationList;
			buildConfigurations = (
				4B4E054C2AAC87F600C33A1F /* Debug */,
				4B4E054D2AAC87F600C33A1F /* Release */,
			);
			defaultConfigurationIsVisible = 0;
			defaultConfigurationName = Release;
		};
		4B4E054E2AAC87F600C33A1F /* Build configuration list for PBXNativeTarget "ArtBookProject" */ = {
			isa = XCConfigurationList;
			buildConfigurations = (
				4B4E054F2AAC87F600C33A1F /* Debug */,
				4B4E05502AAC87F600C33A1F /* Release */,
			);
			defaultConfigurationIsVisible = 0;
			defaultConfigurationName = Release;
		};
/* End XCConfigurationList section */

/* Begin XCVersionGroup section */
		4B4E05432AAC87F500C33A1F /* ArtBookProject.xcdatamodeld */ = {
			isa = XCVersionGroup;
			children = (
				4B4E05442AAC87F500C33A1F /* ArtBookProject.xcdatamodel */,
			);
			currentVersion = 4B4E05442AAC87F500C33A1F /* ArtBookProject.xcdatamodel */;
			path = ArtBookProject.xcdatamodeld;
			sourceTree = "<group>";
			versionGroupType = wrapper.xcdatamodel;
		};
/* End XCVersionGroup section */
	};
	rootObject = 4B4E052F2AAC87F500C33A1F /* Project object */;
}
